
Microsoft Visual Studio Solution File, Format Version 12.00
# Visual Studio Version 17
VisualStudioVersion = 17.6.33815.320
MinimumVisualStudioVersion = 10.0.40219.1
Project("{FAE04EC0-301F-11D3-BF4B-00C04F79EFBC}") = "reduceGlare", "reduceGlare\reduceGlare.csproj", "{46E5246C-DFD9-42E0-A7FE-B5BEE58AC60D}"
EndProject
Global
	GlobalSection(SolutionConfigurationPlatforms) = preSolution
		Debug|Any CPU = Debug|Any CPU
		Release|Any CPU = Release|Any CPU
	EndGlobalSection
	GlobalSection(ProjectConfigurationPlatforms) = postSolution
		{46E5246C-DFD9-42E0-A7FE-B5BEE58AC60D}.Debug|Any CPU.ActiveCfg = Debug|Any CPU
		{46E5246C-DFD9-42E0-A7FE-B5BEE58AC60D}.Debug|Any CPU.Build.0 = Debug|Any CPU
		{46E5246C-DFD9-42E0-A7FE-B5BEE58AC60D}.Release|Any CPU.ActiveCfg = Release|Any CPU
		{46E5246C-DFD9-42E0-A7FE-B5BEE58AC60D}.Release|Any CPU.Build.0 = Release|Any CPU
	EndGlobalSection
	GlobalSection(SolutionProperties) = preSolution
		HideSolutionNode = FALSE
	EndGlobalSection
	GlobalSection(ExtensibilityGlobals) = postSolution
		SolutionGuid = {A70C3E5C-2E8A-46C1-BA98-9ACF0B5B02FA}
	EndGlobalSection
EndGlobal
